{
  "lockfile_version": "1",
  "packages": {
    "bat@0.24.0": {
      "last_modified": "2024-11-16T04:25:12Z",
      "resolved": "github:NixOS/nixpkgs/34a626458d686f1b58139620a8b2793e9e123bba#bat",
      "source": "devbox-search",
      "version": "0.24.0",
      "systems": {
        "aarch64-darwin": {
          "outputs": [
            {
              "name": "out",
              "path": "/nix/store/5gyl3q80kacjbk5bpf0i1s4008wwsqlr-bat-0.24.0",
              "default": true
            }
          ],
          "store_path": "/nix/store/5gyl3q80kacjbk5bpf0i1s4008wwsqlr-bat-0.24.0"
        },
        "aarch64-linux": {
          "outputs": [
            {
              "name": "out",
              "path": "/nix/store/7pdidbnnvrdqmiakczjw6yd3qb3rwfbr-bat-0.24.0",
              "default": true
            }
          ],
          "store_path": "/nix/store/7pdidbnnvrdqmiakczjw6yd3qb3rwfbr-bat-0.24.0"
        },
        "x86_64-darwin": {
          "outputs": [
            {
              "name": "out",
              "path": "/nix/store/ajk3dlll48a5ifiiwindvb8dcf947fkf-bat-0.24.0",
              "default": true
            }
          ],
          "store_path": "/nix/store/ajk3dlll48a5ifiiwindvb8dcf947fkf-bat-0.24.0"
        },
        "x86_64-linux": {
          "outputs": [
            {
              "name": "out",
              "path": "/nix/store/6zgvzkmlvkh5y43677v363bbbn4qqn0v-bat-0.24.0",
              "default": true
            }
          ],
          "store_path": "/nix/store/6zgvzkmlvkh5y43677v363bbbn4qqn0v-bat-0.24.0"
        }
      }
    },
    "jq@1.7.1": {
      "last_modified": "2024-11-28T07:51:56Z",
      "resolved": "github:NixOS/nixpkgs/226216574ada4c3ecefcbbec41f39ce4655f78ef#jq",
      "source": "devbox-search",
      "version": "1.7.1",
      "systems": {
        "aarch64-darwin": {
          "outputs": [
            {
              "name": "bin",
              "path": "/nix/store/1ayrnq8zpljx4m3kvgfs6kqv9vrm6zik-jq-1.7.1-bin",
              "default": true
            },
            {
              "name": "man",
              "path": "/nix/store/fy9h4wlb4a8r34jrqif25n2i24vaw9x2-jq-1.7.1-man",
              "default": true
            },
            {
              "name": "dev",
              "path": "/nix/store/05c8mk6qnrxgyazs2acg3816h57lvsvb-jq-1.7.1-dev"
            },
            {
              "name": "doc",
              "path": "/nix/store/zm4966xz8nyp9nzkn6ghhzh8hcw87bmv-jq-1.7.1-doc"
            },
            {
              "name": "out",
              "path": "/nix/store/1ldq0nn6gjpxqjxihzdd7vlppmxvmpxn-jq-1.7.1"
            }
          ],
          "store_path": "/nix/store/1ayrnq8zpljx4m3kvgfs6kqv9vrm6zik-jq-1.7.1-bin"
        },
        "aarch64-linux": {
          "outputs": [
            {
              "name": "bin",
              "path": "/nix/store/pixiqvakc6rxc10qfpy2w4dsgnmsdayv-jq-1.7.1-bin",
              "default": true
            },
            {
              "name": "man",
              "path": "/nix/store/fgjncriv2sc52b8lwm5kzabkq26kirvk-jq-1.7.1-man",
              "default": true
            },
            {
              "name": "dev",
              "path": "/nix/store/gn12vqlhg68r5gwsacsiksqm6255nl3s-jq-1.7.1-dev"
            },
            {
              "name": "doc",
              "path": "/nix/store/v8cvxadadrrvi8as046wiyzb96xvih19-jq-1.7.1-doc"
            },
            {
              "name": "out",
              "path": "/nix/store/5xm3x3a9jaq9fy4jrg44rk7b6hl9sgbv-jq-1.7.1"
            }
          ],
          "store_path": "/nix/store/pixiqvakc6rxc10qfpy2w4dsgnmsdayv-jq-1.7.1-bin"
        },
        "x86_64-darwin": {
          "outputs": [
            {
              "name": "bin",
              "path": "/nix/store/g6m0ggpijkm26ygd8vvhyd07sgriz26j-jq-1.7.1-bin",
              "default": true
            },
            {
              "name": "man",
              "path": "/nix/store/gr5mmlwr3y511brhq7nihbyixjhcn80k-jq-1.7.1-man",
              "default": true
            },
            {
              "name": "dev",
              "path": "/nix/store/cybp745j7fvdnxkf9889wiscn9cgbwjp-jq-1.7.1-dev"
            },
            {
              "name": "doc",
              "path": "/nix/store/0yhbxjsrbh7g6x7ngfc1qg6q613qbqhp-jq-1.7.1-doc"
            },
            {
              "name": "out",
              "path": "/nix/store/ganc2d577ffr1h3qcvxln1d5gn6z3m83-jq-1.7.1"
            }
          ],
          "store_path": "/nix/store/g6m0ggpijkm26ygd8vvhyd07sgriz26j-jq-1.7.1-bin"
        },
        "x86_64-linux": {
          "outputs": [
            {
              "name": "bin",
              "path": "/nix/store/75q9nlm0zn7cg6w151cc4mkqqk0mwaxa-jq-1.7.1-bin",
              "default": true
            },
            {
              "name": "man",
              "path": "/nix/store/3wwkjcpxyrryfb1dbxjp82kj8g8jaxzw-jq-1.7.1-man",
              "default": true
            },
            {
              "name": "out",
              "path": "/nix/store/cpzlrkcbp2s87aya4hfxigj6a68m6yzz-jq-1.7.1"
            },
            {
              "name": "dev",
              "path": "/nix/store/f5y04jklz034w0y55bnqhcfnd271spwa-jq-1.7.1-dev"
            },
            {
              "name": "doc",
              "path": "/nix/store/j0i0bzx90l10l3vxdwj29xjji1avp15a-jq-1.7.1-doc"
            }
          ],
          "store_path": "/nix/store/75q9nlm0zn7cg6w151cc4mkqqk0mwaxa-jq-1.7.1-bin"
        }
      }
    },
    "just@1.30.1": {
      "last_modified": "2024-07-12T02:08:50Z",
      "resolved": "github:NixOS/nixpkgs/6794d064edc69918bb0fc0e0eda33ece324be17a#just",
      "source": "devbox-search",
      "version": "1.30.1",
      "systems": {
        "aarch64-darwin": {
          "outputs": [
            {
              "name": "out",
              "path": "/nix/store/fijyqdrc3c9h9c1aigg3npvq13zabnh4-just-1.30.1",
              "default": true
            },
            {
              "name": "man",
              "path": "/nix/store/jmg2xdl5xjvxqh3qx6dsbamfszd18xm2-just-1.30.1-man",
              "default": true
            },
            {
              "name": "doc",
              "path": "/nix/store/qnj8qnl9qbidmgcrzadwkb0kglgnfksa-just-1.30.1-doc"
            }
          ],
          "store_path": "/nix/store/fijyqdrc3c9h9c1aigg3npvq13zabnh4-just-1.30.1"
        },
        "aarch64-linux": {
          "outputs": [
            {
              "name": "out",
              "path": "/nix/store/cds2g9n52c5w5yflk4m7dqywh6gx724s-just-1.30.1",
              "default": true
            },
            {
              "name": "man",
              "path": "/nix/store/6irw1nqc4489zcyhy88gslxprp3ckjcc-just-1.30.1-man",
              "default": true
            },
            {
              "name": "doc",
              "path": "/nix/store/wl5r6smfascjgjza8wn30544804s2k2n-just-1.30.1-doc"
            }
          ],
          "store_path": "/nix/store/cds2g9n52c5w5yflk4m7dqywh6gx724s-just-1.30.1"
        },
        "x86_64-darwin": {
          "outputs": [
            {
              "name": "out",
              "path": "/nix/store/qnps599r8svgxds85if6myzb6la3f2dd-just-1.30.1",
              "default": true
            },
            {
              "name": "man",
              "path": "/nix/store/9vfdrz82ya0mlziapcybdcf96vhd0jfh-just-1.30.1-man",
              "default": true
            },
            {
              "name": "doc",
              "path": "/nix/store/c35vajljf5d86k7m74b51a0yj2n9qjgv-just-1.30.1-doc"
            }
          ],
          "store_path": "/nix/store/qnps599r8svgxds85if6myzb6la3f2dd-just-1.30.1"
        },
        "x86_64-linux": {
          "outputs": [
            {
              "name": "out",
              "path": "/nix/store/cbwhiw9bkbkanfjd1vh4k5fzqlj8imd1-just-1.30.1",
              "default": true
            },
            {
              "name": "man",
              "path": "/nix/store/iifkzzhzi65nhisacwb4rb8fb35i96x3-just-1.30.1-man",
              "default": true
            },
            {
              "name": "doc",
              "path": "/nix/store/x6jh7sbsrnzfpvxjafs75kwfbgpwvnad-just-1.30.1-doc"
            }
          ],
          "store_path": "/nix/store/cbwhiw9bkbkanfjd1vh4k5fzqlj8imd1-just-1.30.1"
        }
      }
    }
  }
}
